
Microsoft Visual Studio Solution File, Format Version 12.00
# Visual Studio Version 17
VisualStudioVersion = 17.11.35222.181
MinimumVisualStudioVersion = 10.0.40219.1
Project("{FAE04EC0-301F-11D3-BF4B-00C04F79EFBC}") = "AnioBisiesto", "AnioBisiesto\AnioBisiesto.csproj", "{6FCFDF4D-3C3C-49EB-BE52-2EFA8D0FA6F4}"
EndProject
Global
	GlobalSection(SolutionConfigurationPlatforms) = preSolution
		Debug|Any CPU = Debug|Any CPU
		Release|Any CPU = Release|Any CPU
	EndGlobalSection
	GlobalSection(ProjectConfigurationPlatforms) = postSolution
		{6FCFDF4D-3C3C-49EB-BE52-2EFA8D0FA6F4}.Debug|Any CPU.ActiveCfg = Debug|Any CPU
		{6FCFDF4D-3C3C-49EB-BE52-2EFA8D0FA6F4}.Debug|Any CPU.Build.0 = Debug|Any CPU
		{6FCFDF4D-3C3C-49EB-BE52-2EFA8D0FA6F4}.Release|Any CPU.ActiveCfg = Release|Any CPU
		{6FCFDF4D-3C3C-49EB-BE52-2EFA8D0FA6F4}.Release|Any CPU.Build.0 = Release|Any CPU
	EndGlobalSection
	GlobalSection(SolutionProperties) = preSolution
		HideSolutionNode = FALSE
	EndGlobalSection
	GlobalSection(ExtensibilityGlobals) = postSolution
		SolutionGuid = {0E272B62-18F9-42A0-B1D2-DCAFDD666D4D}
	EndGlobalSection
EndGlobal
